# Generated by buf. DO NOT EDIT.
version: v2
deps:
  - name: buf.build/googleapis/googleapis
    commit: c17df5b2beca46928cc87d5656bd5343
    digest: b5:648a01e0170d4512dea7d564016165decd1ed6e34bef79fe54753e51ad7e27545709ad9157d7551270147d551155c595a2fb0bf5bb33b1c83040ddbce915c604
  - name: buf.build/machanirobotics/grpc-mcp-gateway
    commit: 1f2d4dd501ac40d6a0c6d80cf58ddccf
    digest: b5:3d8747e82c6983f0798b8ec94cc68c7a94065bc5f9099f16e9ac70430b85cb7fe1bfbb492af42baa2ce24c5773ba4b8cee5f5b1ddb00aae30a83bb68399c21ae
  - name: buf.build/the-protobuf-project/protorm
    commit: 8110323f814c41d6b27092e9cec51dac
    digest: b5:4a49cc09e35e1b5e1b16e53b063577d79e79f55250777bd2e9cddaaad014abb7b0f1d591c00d19956aa0448201225929f0bc701ee7df1ee71bc2bbb9347a8cea
